{
  "name": "bitcoin-strategy",
  "version": "1.0.0",
  "lockfileVersion": 3,
  "requires": true,
  "packages": {
    "": {
      "name": "bitcoin-strategy",
      "version": "1.0.0",
      "license": "ISC",
      "workspaces": [
        "packages/core",
        "packages/cli",
        "packages/web"
      ],
      "devDependencies": {
        "@types/node": "^25.0.3",
        "typescript": "^5.9.3"
      }
    },
    "node_modules/@bitcoin-strategy/cli": {
      "resolved": "packages/cli",
      "link": true
    },
    "node_modules/@bitcoin-strategy/core": {
      "resolved": "packages/core",
      "link": true
    },
    "node_modules/@bitcoin-strategy/web": {
      "resolved": "packages/web",
      "link": true
    },
    "node_modules/@types/node": {
      "version": "25.0.3",
      "resolved": "https://registry.npmjs.org/@types/node/-/node-25.0.3.tgz",
      "integrity": "sha512-W609buLVRVmeW693xKfzHeIV6nJGGz98uCPfeXI1ELMLXVeKYZ9m15fAMSaUPBHYLGFsVRcMmSCksQOrZV9BYA==",
      "dev": true,
      "license": "MIT",
      "dependencies": {
        "undici-types": "~7.16.0"
      }
    },
    "node_modules/typescript": {
      "version": "5.9.3",
      "resolved": "https://registry.npmjs.org/typescript/-/typescript-5.9.3.tgz",
      "integrity": "sha512-jl1vZzPDinLr9eUt3J/t7V6FgNEw9QjvBPdysz9KfQDD41fQrC2Y4vKQdiaUpFT4bXlb1RHhLpp8wtm6M5TgSw==",
      "dev": true,
      "license": "Apache-2.0",
      "bin": {
        "tsc": "bin/tsc",
        "tsserver": "bin/tsserver"
      },
      "engines": {
        "node": ">=14.17"
      }
    },
    "node_modules/undici-types": {
      "version": "7.16.0",
      "resolved": "https://registry.npmjs.org/undici-types/-/undici-types-7.16.0.tgz",
      "integrity": "sha512-Zz+aZWSj8LE6zoxD+xrjh4VfkIG8Ya6LvYkZqtUQGJPZjYl53ypCaUwWqo7eI0x66KBGeRo+mlBEkMSeSZ38Nw==",
      "dev": true,
      "license": "MIT"
    },
    "packages/cli": {
      "name": "@bitcoin-strategy/cli",
      "version": "1.0.0",
      "dependencies": {
        "@bitcoin-strategy/core": "*"
      }
    },
    "packages/core": {
      "name": "@bitcoin-strategy/core",
      "version": "1.0.0"
    },
    "packages/web": {
      "name": "@bitcoin-strategy/web",
      "version": "1.0.0",
      "dependencies": {
        "@bitcoin-strategy/core": "*"
      }
    }
  }
}
